github.com/go-git/go-git/v5 v5.13.2 h1:7O7xvsK7K+rZPKW6AQR1YyNhfywkv7B8/FsP3ki6Zv0=
github.com/go-git/go-git/v5 v5.13.2/go.mod h1:hWdW5P4YZRjmpGHwRH2v3zkWcNl6HeXaXQEMGb3NJ9A=
github.com/gorilla/mux v1.8.1 h1:TuBL49tXwgrFYWhqrNgrUNEY92u81SPhu7sTdzQEiWY=
github.com/gorilla/mux v1.8.1/go.mod h1:AKf9I4AEqPTmMytcMc0KkNouC66V3BtZ4qD5fmWSiMQ=
github.com/pjbgf/sha1cd v0.3.2 h1:a9wb0bp1oC2TGwStyn0Umc/IGKQnEgF0vVaZ8QF8eo4=
github.com/pjbgf/sha1cd v0.3.2/go.mod h1:zQWigSxVmsHEZow5qaLtPYxpcKMMQpa09ixqBxuCS6A=
